
Microsoft Visual Studio Solution File, Format Version 12.00
# Visual Studio Version 17
VisualStudioVersion = 17.9.34728.123
MinimumVisualStudioVersion = 10.0.40219.1
Project("{FAE04EC0-301F-11D3-BF4B-00C04F79EFBC}") = "OrphanedEntities", "OrphanedEntities\OrphanedEntities.csproj", "{C1D4B06C-1AD4-4427-8F11-1D3798522C39}"
EndProject
Global
	GlobalSection(SolutionConfigurationPlatforms) = preSolution
		Debug|Any CPU = Debug|Any CPU
		Release|Any CPU = Release|Any CPU
	EndGlobalSection
	GlobalSection(ProjectConfigurationPlatforms) = postSolution
		{C1D4B06C-1AD4-4427-8F11-1D3798522C39}.Debug|Any CPU.ActiveCfg = Debug|Any CPU
		{C1D4B06C-1AD4-4427-8F11-1D3798522C39}.Debug|Any CPU.Build.0 = Debug|Any CPU
		{C1D4B06C-1AD4-4427-8F11-1D3798522C39}.Release|Any CPU.ActiveCfg = Release|Any CPU
		{C1D4B06C-1AD4-4427-8F11-1D3798522C39}.Release|Any CPU.Build.0 = Release|Any CPU
	EndGlobalSection
	GlobalSection(SolutionProperties) = preSolution
		HideSolutionNode = FALSE
	EndGlobalSection
	GlobalSection(ExtensibilityGlobals) = postSolution
		SolutionGuid = {DC1500C8-8CAC-456B-8333-072681A559A9}
	EndGlobalSection
EndGlobal
